
Microsoft Visual Studio Solution File, Format Version 12.00
# Visual Studio 15
VisualStudioVersion = 15.0.28307.489
MinimumVisualStudioVersion = 10.0.40219.1
Project("{FAE04EC0-301F-11D3-BF4B-00C04F79EFBC}") = "Exercises", "Exercises\Exercises.csproj", "{335E7AFB-C66B-43A2-B7CB-F4F35027829D}"
EndProject
Global
	GlobalSection(SolutionConfigurationPlatforms) = preSolution
		Debug|Any CPU = Debug|Any CPU
		Release|Any CPU = Release|Any CPU
	EndGlobalSection
	GlobalSection(ProjectConfigurationPlatforms) = postSolution
		{335E7AFB-C66B-43A2-B7CB-F4F35027829D}.Debug|Any CPU.ActiveCfg = Debug|Any CPU
		{335E7AFB-C66B-43A2-B7CB-F4F35027829D}.Debug|Any CPU.Build.0 = Debug|Any CPU
		{335E7AFB-C66B-43A2-B7CB-F4F35027829D}.Release|Any CPU.ActiveCfg = Release|Any CPU
		{335E7AFB-C66B-43A2-B7CB-F4F35027829D}.Release|Any CPU.Build.0 = Release|Any CPU
	EndGlobalSection
	GlobalSection(SolutionProperties) = preSolution
		HideSolutionNode = FALSE
	EndGlobalSection
	GlobalSection(ExtensibilityGlobals) = postSolution
		SolutionGuid = {70D0E484-7B9A-4F7E-AB79-85B0B8D4D161}
	EndGlobalSection
EndGlobal
